
Microsoft Visual Studio Solution File, Format Version 12.00
# Visual Studio Version 16
VisualStudioVersion = 16.0.30114.105
MinimumVisualStudioVersion = 10.0.40219.1
Project("{9A19103F-16F7-4668-BE54-9A1E7A4F7556}") = "GuggenheimTakeHome", "GuggenheimTakeHome\GuggenheimTakeHome.csproj", "{4AA34250-7457-4854-AC97-BA4E5BA8CF12}"
EndProject
Project("{FAE04EC0-301F-11D3-BF4B-00C04F79EFBC}") = "UnitTests", "UnitTests\UnitTests.csproj", "{07063F96-03A5-4F65-9E62-9B0FA18A5ACD}"
EndProject
Global
	GlobalSection(SolutionConfigurationPlatforms) = preSolution
		Debug|Any CPU = Debug|Any CPU
		Release|Any CPU = Release|Any CPU
	EndGlobalSection
	GlobalSection(ProjectConfigurationPlatforms) = postSolution
		{4AA34250-7457-4854-AC97-BA4E5BA8CF12}.Debug|Any CPU.ActiveCfg = Debug|Any CPU
		{4AA34250-7457-4854-AC97-BA4E5BA8CF12}.Debug|Any CPU.Build.0 = Debug|Any CPU
		{4AA34250-7457-4854-AC97-BA4E5BA8CF12}.Release|Any CPU.ActiveCfg = Release|Any CPU
		{4AA34250-7457-4854-AC97-BA4E5BA8CF12}.Release|Any CPU.Build.0 = Release|Any CPU
		{07063F96-03A5-4F65-9E62-9B0FA18A5ACD}.Debug|Any CPU.ActiveCfg = Debug|Any CPU
		{07063F96-03A5-4F65-9E62-9B0FA18A5ACD}.Debug|Any CPU.Build.0 = Debug|Any CPU
		{07063F96-03A5-4F65-9E62-9B0FA18A5ACD}.Release|Any CPU.ActiveCfg = Release|Any CPU
		{07063F96-03A5-4F65-9E62-9B0FA18A5ACD}.Release|Any CPU.Build.0 = Release|Any CPU
	EndGlobalSection
	GlobalSection(SolutionProperties) = preSolution
		HideSolutionNode = FALSE
	EndGlobalSection
	GlobalSection(ExtensibilityGlobals) = postSolution
		SolutionGuid = {74DF062A-307F-4B5E-B7DF-E1709B2245BB}
	EndGlobalSection
EndGlobal
